
Microsoft Visual Studio Solution File, Format Version 12.00
# Visual Studio Version 17
VisualStudioVersion = 17.7.34221.43
MinimumVisualStudioVersion = 10.0.40219.1
Project("{FAE04EC0-301F-11D3-BF4B-00C04F79EFBC}") = "Assignment3", "Assignment3\Assignment3.csproj", "{B9237A8C-B796-478E-AA44-2FD3ED930D27}"
EndProject
Global
	GlobalSection(SolutionConfigurationPlatforms) = preSolution
		Debug|Any CPU = Debug|Any CPU
		Release|Any CPU = Release|Any CPU
	EndGlobalSection
	GlobalSection(ProjectConfigurationPlatforms) = postSolution
		{B9237A8C-B796-478E-AA44-2FD3ED930D27}.Debug|Any CPU.ActiveCfg = Debug|Any CPU
		{B9237A8C-B796-478E-AA44-2FD3ED930D27}.Debug|Any CPU.Build.0 = Debug|Any CPU
		{B9237A8C-B796-478E-AA44-2FD3ED930D27}.Release|Any CPU.ActiveCfg = Release|Any CPU
		{B9237A8C-B796-478E-AA44-2FD3ED930D27}.Release|Any CPU.Build.0 = Release|Any CPU
	EndGlobalSection
	GlobalSection(SolutionProperties) = preSolution
		HideSolutionNode = FALSE
	EndGlobalSection
	GlobalSection(ExtensibilityGlobals) = postSolution
		SolutionGuid = {980F4319-6CEC-4FF5-9E02-C065DCEA952F}
	EndGlobalSection
EndGlobal
